
Microsoft Visual Studio Solution File, Format Version 12.00
# Visual Studio Version 17
VisualStudioVersion = 17.8.34330.188
MinimumVisualStudioVersion = 10.0.40219.1
Project("{9A19103F-16F7-4668-BE54-9A1E7A4F7556}") = "E-Commerce.Context", "E-Commerce.Context.csproj", "{500AF2FA-F4A6-48F1-985B-743056DA2444}"
EndProject
Global
	GlobalSection(SolutionConfigurationPlatforms) = preSolution
		Debug|Any CPU = Debug|Any CPU
		Release|Any CPU = Release|Any CPU
	EndGlobalSection
	GlobalSection(ProjectConfigurationPlatforms) = postSolution
		{500AF2FA-F4A6-48F1-985B-743056DA2444}.Debug|Any CPU.ActiveCfg = Debug|Any CPU
		{500AF2FA-F4A6-48F1-985B-743056DA2444}.Debug|Any CPU.Build.0 = Debug|Any CPU
		{500AF2FA-F4A6-48F1-985B-743056DA2444}.Release|Any CPU.ActiveCfg = Release|Any CPU
		{500AF2FA-F4A6-48F1-985B-743056DA2444}.Release|Any CPU.Build.0 = Release|Any CPU
	EndGlobalSection
	GlobalSection(SolutionProperties) = preSolution
		HideSolutionNode = FALSE
	EndGlobalSection
	GlobalSection(ExtensibilityGlobals) = postSolution
		SolutionGuid = {8F02BEEC-E6E9-493C-B6B3-D0994CD3A7FF}
	EndGlobalSection
EndGlobal
